
Microsoft Visual Studio Solution File, Format Version 12.00
# Visual Studio Version 17
VisualStudioVersion = 17.13.35913.81
MinimumVisualStudioVersion = 10.0.40219.1
Project("{2150E333-8FDC-42A3-9474-1A3956D46DE8}") = "Modules", "Modules", "{02EA681E-C7D8-13C7-8484-4AC65E1B71E8}"
EndProject
Project("{2150E333-8FDC-42A3-9474-1A3956D46DE8}") = "UserManagement", "UserManagement", "{0CB706F0-B43A-47A6-9F56-9D8C33CAB04B}"
EndProject
Project("{FAE04EC0-301F-11D3-BF4B-00C04F79EFBC}") = "UsersManagement.DataAccessLayer", "DataAccessLayer\UsersManagement.DataAccessLayer.csproj", "{ED502FC8-62B5-4A05-A905-A7EDDF22F529}"
EndProject
Project("{FAE04EC0-301F-11D3-BF4B-00C04F79EFBC}") = "UsersManagement.BuissnessLogicLayer", "BuissnessLogicLayer\UsersManagement.BuissnessLogicLayer.csproj", "{117EADE4-58DA-4740-A647-8B703AA280D6}"
EndProject
Project("{2150E333-8FDC-42A3-9474-1A3956D46DE8}") = "RoadmapMangement", "RoadmapMangement", "{07B17476-F864-4578-A056-1F35EA4837CD}"
EndProject
Project("{FAE04EC0-301F-11D3-BF4B-00C04F79EFBC}") = "RoadmapMangement.DataAccessLayer", "RoadmapMangement.DataAccessLayer\RoadmapMangement.DataAccessLayer.csproj", "{68BBCB78-6058-49DA-9D7B-95B8DCC6220F}"
EndProject
Project("{FAE04EC0-301F-11D3-BF4B-00C04F79EFBC}") = "RoadmapMangement.BuisnessLogicLayer", "RoadmapMangement.BuisnessLogicLayer\RoadmapMangement.BuisnessLogicLayer.csproj", "{B58F3375-1C49-4F84-B91D-89D47DBE94D8}"
EndProject
Project("{FAE04EC0-301F-11D3-BF4B-00C04F79EFBC}") = "SkillCraft.Api", "SkillCraft.Api\SkillCraft.Api.csproj", "{9D522AC2-89CC-43C5-87DE-632102DB8A0E}"
EndProject
Project("{2150E333-8FDC-42A3-9474-1A3956D46DE8}") = "QuizesManagement", "QuizesManagement", "{61452B9C-7DE6-45F8-A5C1-ACFF0BA88F96}"
EndProject
Project("{FAE04EC0-301F-11D3-BF4B-00C04F79EFBC}") = "QuizesManagement.DataAccessLayer", "QuizesManagement.DataAccessLayer\QuizesManagement.DataAccessLayer.csproj", "{D4028855-497E-4890-BC02-DF8551101662}"
EndProject
Project("{FAE04EC0-301F-11D3-BF4B-00C04F79EFBC}") = "QuizesManagement.BuisnessLogicLayer", "QuizesManagement.BuisnessLogicLayer\QuizesManagement.BuisnessLogicLayer.csproj", "{B6A562B0-CB81-4968-9397-AFD5B7F91ED0}"
EndProject
Project("{2150E333-8FDC-42A3-9474-1A3956D46DE8}") = "ProfilesManagement", "ProfilesManagement", "{511DC392-A625-4FC5-85A6-82B3729EE472}"
EndProject
Project("{FAE04EC0-301F-11D3-BF4B-00C04F79EFBC}") = "ProfilesManagement.DataAccessLayer", "ProfilesManagement.DataAccessLayer\ProfilesManagement.DataAccessLayer.csproj", "{8646D750-87CE-4BBF-8351-B201F8FB9330}"
EndProject
Project("{FAE04EC0-301F-11D3-BF4B-00C04F79EFBC}") = "ProfilesManagement.BuisnessLogicLayer", "ProfilesManagement.BuisnessLogicLayer\ProfilesManagement.BuisnessLogicLayer.csproj", "{9EB04BAE-C01F-499D-A1BD-138856A2E414}"
EndProject
Project("{FAE04EC0-301F-11D3-BF4B-00C04F79EFBC}") = "UsersManagement.BuisnessLogicLayer.Tests", "UsersManagement.BuisnessLogicLayer.Tests\UsersManagement.BuisnessLogicLayer.Tests.csproj", "{D6AEFC8C-0AC4-4ECF-9003-75EB1986B55C}"
EndProject
Project("{FAE04EC0-301F-11D3-BF4B-00C04F79EFBC}") = "UsersManagement.DataAccessLayer.Tests", "UsersManagement.DataAccessLayer.Tests\UsersManagement.DataAccessLayer.Tests.csproj", "{F69D23C0-1AA9-41DA-8E41-FBB925E1734B}"
EndProject
Project("{FAE04EC0-301F-11D3-BF4B-00C04F79EFBC}") = "SkillCraft.Api.Tests", "SkillCraft.Api.Tests\SkillCraft.Api.Tests.csproj", "{7EEBE8FD-09C6-442F-A957-1787580960C8}"
EndProject
Project("{2150E333-8FDC-42A3-9474-1A3956D46DE8}") = "Solution Items", "Solution Items", "{8EC462FD-D22E-90A8-E5CE-7E832BA40C5D}"
	ProjectSection(SolutionItems) = preProject
		test.runsettings = test.runsettings
	EndProjectSection
EndProject
Project("{2150E333-8FDC-42A3-9474-1A3956D46DE8}") = "Tests", "Tests", "{866A5B92-C681-4973-AEF3-A1A254D116E3}"
EndProject
Project("{FAE04EC0-301F-11D3-BF4B-00C04F79EFBC}") = "RoadmapMangement.BuisnessLogicLayer.Tests", "RoadmapMangement.BuisnessLogicLayer.Tests\RoadmapMangement.BuisnessLogicLayer.Tests.csproj", "{BE02EA47-5F2F-4DA1-82B2-A70A9ED182CE}"
EndProject
Project("{FAE04EC0-301F-11D3-BF4B-00C04F79EFBC}") = "QuizesManagement.BuisnessLogicLayer.Tests", "QuizesManagement.BuisnessLogicLayer.Tests\QuizesManagement.BuisnessLogicLayer.Tests.csproj", "{C9342646-9F3D-4173-9392-409BE2355685}"
EndProject
Project("{FAE04EC0-301F-11D3-BF4B-00C04F79EFBC}") = "ProfilesManagement.BuisnessLogicLayer.Tests", "ProfilesManagement.BuisnessLogicLayer.Tests\ProfilesManagement.BuisnessLogicLayer.Tests.csproj", "{ADCA8B77-21FC-49C0-B20D-1B5885C6DE43}"
EndProject
Global
	GlobalSection(SolutionConfigurationPlatforms) = preSolution
		Debug|Any CPU = Debug|Any CPU
		Release|Any CPU = Release|Any CPU
	EndGlobalSection
	GlobalSection(ProjectConfigurationPlatforms) = postSolution
		{ED502FC8-62B5-4A05-A905-A7EDDF22F529}.Debug|Any CPU.ActiveCfg = Debug|Any CPU
		{ED502FC8-62B5-4A05-A905-A7EDDF22F529}.Debug|Any CPU.Build.0 = Debug|Any CPU
		{ED502FC8-62B5-4A05-A905-A7EDDF22F529}.Release|Any CPU.ActiveCfg = Release|Any CPU
		{ED502FC8-62B5-4A05-A905-A7EDDF22F529}.Release|Any CPU.Build.0 = Release|Any CPU
		{117EADE4-58DA-4740-A647-8B703AA280D6}.Debug|Any CPU.ActiveCfg = Debug|Any CPU
		{117EADE4-58DA-4740-A647-8B703AA280D6}.Debug|Any CPU.Build.0 = Debug|Any CPU
		{117EADE4-58DA-4740-A647-8B703AA280D6}.Release|Any CPU.ActiveCfg = Release|Any CPU
		{117EADE4-58DA-4740-A647-8B703AA280D6}.Release|Any CPU.Build.0 = Release|Any CPU
		{68BBCB78-6058-49DA-9D7B-95B8DCC6220F}.Debug|Any CPU.ActiveCfg = Debug|Any CPU
		{68BBCB78-6058-49DA-9D7B-95B8DCC6220F}.Debug|Any CPU.Build.0 = Debug|Any CPU
		{68BBCB78-6058-49DA-9D7B-95B8DCC6220F}.Release|Any CPU.ActiveCfg = Release|Any CPU
		{68BBCB78-6058-49DA-9D7B-95B8DCC6220F}.Release|Any CPU.Build.0 = Release|Any CPU
		{B58F3375-1C49-4F84-B91D-89D47DBE94D8}.Debug|Any CPU.ActiveCfg = Debug|Any CPU
		{B58F3375-1C49-4F84-B91D-89D47DBE94D8}.Debug|Any CPU.Build.0 = Debug|Any CPU
		{B58F3375-1C49-4F84-B91D-89D47DBE94D8}.Release|Any CPU.ActiveCfg = Release|Any CPU
		{B58F3375-1C49-4F84-B91D-89D47DBE94D8}.Release|Any CPU.Build.0 = Release|Any CPU
		{9D522AC2-89CC-43C5-87DE-632102DB8A0E}.Debug|Any CPU.ActiveCfg = Debug|Any CPU
		{9D522AC2-89CC-43C5-87DE-632102DB8A0E}.Debug|Any CPU.Build.0 = Debug|Any CPU
		{9D522AC2-89CC-43C5-87DE-632102DB8A0E}.Release|Any CPU.ActiveCfg = Release|Any CPU
		{9D522AC2-89CC-43C5-87DE-632102DB8A0E}.Release|Any CPU.Build.0 = Release|Any CPU
		{D4028855-497E-4890-BC02-DF8551101662}.Debug|Any CPU.ActiveCfg = Debug|Any CPU
		{D4028855-497E-4890-BC02-DF8551101662}.Debug|Any CPU.Build.0 = Debug|Any CPU
		{D4028855-497E-4890-BC02-DF8551101662}.Release|Any CPU.ActiveCfg = Release|Any CPU
		{D4028855-497E-4890-BC02-DF8551101662}.Release|Any CPU.Build.0 = Release|Any CPU
		{B6A562B0-CB81-4968-9397-AFD5B7F91ED0}.Debug|Any CPU.ActiveCfg = Debug|Any CPU
		{B6A562B0-CB81-4968-9397-AFD5B7F91ED0}.Debug|Any CPU.Build.0 = Debug|Any CPU
		{B6A562B0-CB81-4968-9397-AFD5B7F91ED0}.Release|Any CPU.ActiveCfg = Release|Any CPU
		{B6A562B0-CB81-4968-9397-AFD5B7F91ED0}.Release|Any CPU.Build.0 = Release|Any CPU
		{8646D750-87CE-4BBF-8351-B201F8FB9330}.Debug|Any CPU.ActiveCfg = Debug|Any CPU
		{8646D750-87CE-4BBF-8351-B201F8FB9330}.Debug|Any CPU.Build.0 = Debug|Any CPU
		{8646D750-87CE-4BBF-8351-B201F8FB9330}.Release|Any CPU.ActiveCfg = Release|Any CPU
		{8646D750-87CE-4BBF-8351-B201F8FB9330}.Release|Any CPU.Build.0 = Release|Any CPU
		{9EB04BAE-C01F-499D-A1BD-138856A2E414}.Debug|Any CPU.ActiveCfg = Debug|Any CPU
		{9EB04BAE-C01F-499D-A1BD-138856A2E414}.Debug|Any CPU.Build.0 = Debug|Any CPU
		{9EB04BAE-C01F-499D-A1BD-138856A2E414}.Release|Any CPU.ActiveCfg = Release|Any CPU
		{9EB04BAE-C01F-499D-A1BD-138856A2E414}.Release|Any CPU.Build.0 = Release|Any CPU
		{D6AEFC8C-0AC4-4ECF-9003-75EB1986B55C}.Debug|Any CPU.ActiveCfg = Debug|Any CPU
		{D6AEFC8C-0AC4-4ECF-9003-75EB1986B55C}.Debug|Any CPU.Build.0 = Debug|Any CPU
		{D6AEFC8C-0AC4-4ECF-9003-75EB1986B55C}.Release|Any CPU.ActiveCfg = Release|Any CPU
		{D6AEFC8C-0AC4-4ECF-9003-75EB1986B55C}.Release|Any CPU.Build.0 = Release|Any CPU
		{F69D23C0-1AA9-41DA-8E41-FBB925E1734B}.Debug|Any CPU.ActiveCfg = Debug|Any CPU
		{F69D23C0-1AA9-41DA-8E41-FBB925E1734B}.Debug|Any CPU.Build.0 = Debug|Any CPU
		{F69D23C0-1AA9-41DA-8E41-FBB925E1734B}.Release|Any CPU.ActiveCfg = Release|Any CPU
		{F69D23C0-1AA9-41DA-8E41-FBB925E1734B}.Release|Any CPU.Build.0 = Release|Any CPU
		{7EEBE8FD-09C6-442F-A957-1787580960C8}.Debug|Any CPU.ActiveCfg = Debug|Any CPU
		{7EEBE8FD-09C6-442F-A957-1787580960C8}.Debug|Any CPU.Build.0 = Debug|Any CPU
		{7EEBE8FD-09C6-442F-A957-1787580960C8}.Release|Any CPU.ActiveCfg = Release|Any CPU
		{7EEBE8FD-09C6-442F-A957-1787580960C8}.Release|Any CPU.Build.0 = Release|Any CPU
		{BE02EA47-5F2F-4DA1-82B2-A70A9ED182CE}.Debug|Any CPU.ActiveCfg = Debug|Any CPU
		{BE02EA47-5F2F-4DA1-82B2-A70A9ED182CE}.Debug|Any CPU.Build.0 = Debug|Any CPU
		{BE02EA47-5F2F-4DA1-82B2-A70A9ED182CE}.Release|Any CPU.ActiveCfg = Release|Any CPU
		{BE02EA47-5F2F-4DA1-82B2-A70A9ED182CE}.Release|Any CPU.Build.0 = Release|Any CPU
		{C9342646-9F3D-4173-9392-409BE2355685}.Debug|Any CPU.ActiveCfg = Debug|Any CPU
		{C9342646-9F3D-4173-9392-409BE2355685}.Debug|Any CPU.Build.0 = Debug|Any CPU
		{C9342646-9F3D-4173-9392-409BE2355685}.Release|Any CPU.ActiveCfg = Release|Any CPU
		{C9342646-9F3D-4173-9392-409BE2355685}.Release|Any CPU.Build.0 = Release|Any CPU
		{ADCA8B77-21FC-49C0-B20D-1B5885C6DE43}.Debug|Any CPU.ActiveCfg = Debug|Any CPU
		{ADCA8B77-21FC-49C0-B20D-1B5885C6DE43}.Debug|Any CPU.Build.0 = Debug|Any CPU
		{ADCA8B77-21FC-49C0-B20D-1B5885C6DE43}.Release|Any CPU.ActiveCfg = Release|Any CPU
		{ADCA8B77-21FC-49C0-B20D-1B5885C6DE43}.Release|Any CPU.Build.0 = Release|Any CPU
	EndGlobalSection
	GlobalSection(SolutionProperties) = preSolution
		HideSolutionNode = FALSE
	EndGlobalSection
	GlobalSection(NestedProjects) = preSolution
		{0CB706F0-B43A-47A6-9F56-9D8C33CAB04B} = {02EA681E-C7D8-13C7-8484-4AC65E1B71E8}
		{ED502FC8-62B5-4A05-A905-A7EDDF22F529} = {0CB706F0-B43A-47A6-9F56-9D8C33CAB04B}
		{117EADE4-58DA-4740-A647-8B703AA280D6} = {0CB706F0-B43A-47A6-9F56-9D8C33CAB04B}
		{07B17476-F864-4578-A056-1F35EA4837CD} = {02EA681E-C7D8-13C7-8484-4AC65E1B71E8}
		{68BBCB78-6058-49DA-9D7B-95B8DCC6220F} = {07B17476-F864-4578-A056-1F35EA4837CD}
		{B58F3375-1C49-4F84-B91D-89D47DBE94D8} = {07B17476-F864-4578-A056-1F35EA4837CD}
		{61452B9C-7DE6-45F8-A5C1-ACFF0BA88F96} = {02EA681E-C7D8-13C7-8484-4AC65E1B71E8}
		{D4028855-497E-4890-BC02-DF8551101662} = {61452B9C-7DE6-45F8-A5C1-ACFF0BA88F96}
		{B6A562B0-CB81-4968-9397-AFD5B7F91ED0} = {61452B9C-7DE6-45F8-A5C1-ACFF0BA88F96}
		{511DC392-A625-4FC5-85A6-82B3729EE472} = {02EA681E-C7D8-13C7-8484-4AC65E1B71E8}
		{8646D750-87CE-4BBF-8351-B201F8FB9330} = {511DC392-A625-4FC5-85A6-82B3729EE472}
		{9EB04BAE-C01F-499D-A1BD-138856A2E414} = {511DC392-A625-4FC5-85A6-82B3729EE472}
		{D6AEFC8C-0AC4-4ECF-9003-75EB1986B55C} = {866A5B92-C681-4973-AEF3-A1A254D116E3}
		{F69D23C0-1AA9-41DA-8E41-FBB925E1734B} = {866A5B92-C681-4973-AEF3-A1A254D116E3}
		{7EEBE8FD-09C6-442F-A957-1787580960C8} = {866A5B92-C681-4973-AEF3-A1A254D116E3}
		{BE02EA47-5F2F-4DA1-82B2-A70A9ED182CE} = {866A5B92-C681-4973-AEF3-A1A254D116E3}
		{C9342646-9F3D-4173-9392-409BE2355685} = {866A5B92-C681-4973-AEF3-A1A254D116E3}
		{ADCA8B77-21FC-49C0-B20D-1B5885C6DE43} = {866A5B92-C681-4973-AEF3-A1A254D116E3}
	EndGlobalSection
	GlobalSection(ExtensibilityGlobals) = postSolution
		SolutionGuid = {693279EE-FF82-4C5F-A791-F15314CE2DCC}
	EndGlobalSection
EndGlobal
